
Microsoft Visual Studio Solution File, Format Version 12.00
# Visual Studio Version 17
VisualStudioVersion = 17.9.34902.65
MinimumVisualStudioVersion = 10.0.40219.1
Project("{FAE04EC0-301F-11D3-BF4B-00C04F79EFBC}") = "ConsoleApp1", "ConsoleApp1\ConsoleApp1.csproj", "{B358C940-E5BE-43FE-BCFD-E741D422BA5D}"
EndProject
Global
	GlobalSection(SolutionConfigurationPlatforms) = preSolution
		Debug|Any CPU = Debug|Any CPU
		Release|Any CPU = Release|Any CPU
	EndGlobalSection
	GlobalSection(ProjectConfigurationPlatforms) = postSolution
		{B358C940-E5BE-43FE-BCFD-E741D422BA5D}.Debug|Any CPU.ActiveCfg = Debug|Any CPU
		{B358C940-E5BE-43FE-BCFD-E741D422BA5D}.Debug|Any CPU.Build.0 = Debug|Any CPU
		{B358C940-E5BE-43FE-BCFD-E741D422BA5D}.Release|Any CPU.ActiveCfg = Release|Any CPU
		{B358C940-E5BE-43FE-BCFD-E741D422BA5D}.Release|Any CPU.Build.0 = Release|Any CPU
	EndGlobalSection
	GlobalSection(SolutionProperties) = preSolution
		HideSolutionNode = FALSE
	EndGlobalSection
	GlobalSection(ExtensibilityGlobals) = postSolution
		SolutionGuid = {7B6DAA7C-5EA9-40E2-B4CE-7A6A4DA7D752}
	EndGlobalSection
EndGlobal
